// !$*UTF8*$!
{
	archiveVersion = 1;
	classes = {
	};
	objectVersion = 56;
	objects = {

/* Begin PBXBuildFile section */
		2CBE8DDA2AAC22A6009C8A76 /* LocationPreviewView.swift in Sources */ = {isa = PBXBuildFile; fileRef = 2CBE8DD92AAC22A6009C8A76 /* LocationPreviewView.swift */; };
		2CBE8DDC2AAC3476009C8A76 /* LocationMapAnnotationView.swift in Sources */ = {isa = PBXBuildFile; fileRef = 2CBE8DDB2AAC3476009C8A76 /* LocationMapAnnotationView.swift */; };
		2CBE8DDE2AAC3C60009C8A76 /* LocationDetailView.swift in Sources */ = {isa = PBXBuildFile; fileRef = 2CBE8DDD2AAC3C60009C8A76 /* LocationDetailView.swift */; };
		2CD50F7F2AAB0C87009751F1 /* MapAppApp.swift in Sources */ = {isa = PBXBuildFile; fileRef = 2CD50F7E2AAB0C87009751F1 /* MapAppApp.swift */; };
		2CD50F862AAB0C89009751F1 /* Preview Assets.xcassets in Resources */ = {isa = PBXBuildFile; fileRef = 2CD50F852AAB0C89009751F1 /* Preview Assets.xcassets */; };
		2CD50F8D2AAB115D009751F1 /* Assets.xcassets in Resources */ = {isa = PBXBuildFile; fileRef = 2CD50F8C2AAB115D009751F1 /* Assets.xcassets */; };
		2CD50F902AAB18A4009751F1 /* Location.swift in Sources */ = {isa = PBXBuildFile; fileRef = 2CD50F8F2AAB18A4009751F1 /* Location.swift */; };
		2CD50F932AAB395D009751F1 /* LocationsDataService.swift in Sources */ = {isa = PBXBuildFile; fileRef = 2CD50F922AAB395D009751F1 /* LocationsDataService.swift */; };
		2CD50F962AAB3E68009751F1 /* LocationsView.swift in Sources */ = {isa = PBXBuildFile; fileRef = 2CD50F952AAB3E68009751F1 /* LocationsView.swift */; };
		2CD50F992AAB411F009751F1 /* LocationsViewModel.swift in Sources */ = {isa = PBXBuildFile; fileRef = 2CD50F982AAB411F009751F1 /* LocationsViewModel.swift */; };
		2CD50F9D2AAB6221009751F1 /* LocationsListView.swift in Sources */ = {isa = PBXBuildFile; fileRef = 2CD50F9C2AAB6221009751F1 /* LocationsListView.swift */; };
/* End PBXBuildFile section */

/* Begin PBXFileReference section */
		2C9792DA2AADB5F500DF4421 /* Info.plist */ = {isa = PBXFileReference; lastKnownFileType = text.plist; path = Info.plist; sourceTree = "<group>"; };
		2CBE8DD92AAC22A6009C8A76 /* LocationPreviewView.swift */ = {isa = PBXFileReference; lastKnownFileType = sourcecode.swift; path = LocationPreviewView.swift; sourceTree = "<group>"; };
		2CBE8DDB2AAC3476009C8A76 /* LocationMapAnnotationView.swift */ = {isa = PBXFileReference; lastKnownFileType = sourcecode.swift; path = LocationMapAnnotationView.swift; sourceTree = "<group>"; };
		2CBE8DDD2AAC3C60009C8A76 /* LocationDetailView.swift */ = {isa = PBXFileReference; lastKnownFileType = sourcecode.swift; path = LocationDetailView.swift; sourceTree = "<group>"; };
		2CD50F7B2AAB0C87009751F1 /* MapApp.app */ = {isa = PBXFileReference; explicitFileType = wrapper.application; includeInIndex = 0; path = MapApp.app; sourceTree = BUILT_PRODUCTS_DIR; };
		2CD50F7E2AAB0C87009751F1 /* MapAppApp.swift */ = {isa = PBXFileReference; lastKnownFileType = sourcecode.swift; path = MapAppApp.swift; sourceTree = "<group>"; };
		2CD50F852AAB0C89009751F1 /* Preview Assets.xcassets */ = {isa = PBXFileReference; lastKnownFileType = folder.assetcatalog; path = "Preview Assets.xcassets"; sourceTree = "<group>"; };
		2CD50F8C2AAB115D009751F1 /* Assets.xcassets */ = {isa = PBXFileReference; lastKnownFileType = folder.assetcatalog; path = Assets.xcassets; sourceTree = "<group>"; };
		2CD50F8F2AAB18A4009751F1 /* Location.swift */ = {isa = PBXFileReference; lastKnownFileType = sourcecode.swift; path = Location.swift; sourceTree = "<group>"; };
		2CD50F922AAB395D009751F1 /* LocationsDataService.swift */ = {isa = PBXFileReference; fileEncoding = 4; lastKnownFileType = sourcecode.swift; path = LocationsDataService.swift; sourceTree = "<group>"; };
		2CD50F952AAB3E68009751F1 /* LocationsView.swift */ = {isa = PBXFileReference; lastKnownFileType = sourcecode.swift; path = LocationsView.swift; sourceTree = "<group>"; };
		2CD50F982AAB411F009751F1 /* LocationsViewModel.swift */ = {isa = PBXFileReference; lastKnownFileType = sourcecode.swift; path = LocationsViewModel.swift; sourceTree = "<group>"; };
		2CD50F9C2AAB6221009751F1 /* LocationsListView.swift */ = {isa = PBXFileReference; lastKnownFileType = sourcecode.swift; path = LocationsListView.swift; sourceTree = "<group>"; };
/* End PBXFileReference section */

/* Begin PBXFrameworksBuildPhase section */
		2CD50F782AAB0C87009751F1 /* Frameworks */ = {
			isa = PBXFrameworksBuildPhase;
			buildActionMask = 2147483647;
			files = (
			);
			runOnlyForDeploymentPostprocessing = 0;
		};
/* End PBXFrameworksBuildPhase section */

/* Begin PBXGroup section */
		2CD50F722AAB0C87009751F1 = {
			isa = PBXGroup;
			children = (
				2CD50F7D2AAB0C87009751F1 /* MapApp */,
				2CD50F7C2AAB0C87009751F1 /* Products */,
			);
			sourceTree = "<group>";
		};
		2CD50F7C2AAB0C87009751F1 /* Products */ = {
			isa = PBXGroup;
			children = (
				2CD50F7B2AAB0C87009751F1 /* MapApp.app */,
			);
			name = Products;
			sourceTree = "<group>";
		};
		2CD50F7D2AAB0C87009751F1 /* MapApp */ = {
			isa = PBXGroup;
			children = (
				2C9792DA2AADB5F500DF4421 /* Info.plist */,
				2CD50F7E2AAB0C87009751F1 /* MapAppApp.swift */,
				2CD50F8C2AAB115D009751F1 /* Assets.xcassets */,
				2CD50F972AAB4100009751F1 /* ViewModels */,
				2CD50F942AAB3E58009751F1 /* Views */,
				2CD50F912AAB393A009751F1 /* DataServices */,
				2CD50F8E2AAB1893009751F1 /* Models */,
				2CD50F842AAB0C89009751F1 /* Preview Content */,
			);
			path = MapApp;
			sourceTree = "<group>";
		};
		2CD50F842AAB0C89009751F1 /* Preview Content */ = {
			isa = PBXGroup;
			children = (
				2CD50F852AAB0C89009751F1 /* Preview Assets.xcassets */,
			);
			path = "Preview Content";
			sourceTree = "<group>";
		};
		2CD50F8E2AAB1893009751F1 /* Models */ = {
			isa = PBXGroup;
			children = (
				2CD50F8F2AAB18A4009751F1 /* Location.swift */,
			);
			path = Models;
			sourceTree = "<group>";
		};
		2CD50F912AAB393A009751F1 /* DataServices */ = {
			isa = PBXGroup;
			children = (
				2CD50F922AAB395D009751F1 /* LocationsDataService.swift */,
			);
			path = DataServices;
			sourceTree = "<group>";
		};
		2CD50F942AAB3E58009751F1 /* Views */ = {
			isa = PBXGroup;
			children = (
				2CD50F952AAB3E68009751F1 /* LocationsView.swift */,
				2CD50F9C2AAB6221009751F1 /* LocationsListView.swift */,
				2CBE8DD92AAC22A6009C8A76 /* LocationPreviewView.swift */,
				2CBE8DDB2AAC3476009C8A76 /* LocationMapAnnotationView.swift */,
				2CBE8DDD2AAC3C60009C8A76 /* LocationDetailView.swift */,
			);
			path = Views;
			sourceTree = "<group>";
		};
		2CD50F972AAB4100009751F1 /* ViewModels */ = {
			isa = PBXGroup;
			children = (
				2CD50F982AAB411F009751F1 /* LocationsViewModel.swift */,
			);
			path = ViewModels;
			sourceTree = "<group>";
		};
/* End PBXGroup section */

/* Begin PBXNativeTarget section */
		2CD50F7A2AAB0C87009751F1 /* MapApp */ = {
			isa = PBXNativeTarget;
			buildConfigurationList = 2CD50F892AAB0C89009751F1 /* Build configuration list for PBXNativeTarget "MapApp" */;
			buildPhases = (
				2CD50F772AAB0C87009751F1 /* Sources */,
				2CD50F782AAB0C87009751F1 /* Frameworks */,
				2CD50F792AAB0C87009751F1 /* Resources */,
			);
			buildRules = (
			);
			dependencies = (
			);
			name = MapApp;
			productName = MapApp;
			productReference = 2CD50F7B2AAB0C87009751F1 /* MapApp.app */;
			productType = "com.apple.product-type.application";
		};
/* End PBXNativeTarget section */

/* Begin PBXProject section */
		2CD50F732AAB0C87009751F1 /* Project object */ = {
			isa = PBXProject;
			attributes = {
				BuildIndependentTargetsInParallel = 1;
				LastSwiftUpdateCheck = 1430;
				LastUpgradeCheck = 1430;
				TargetAttributes = {
					2CD50F7A2AAB0C87009751F1 = {
						CreatedOnToolsVersion = 14.3.1;
					};
				};
			};
			buildConfigurationList = 2CD50F762AAB0C87009751F1 /* Build configuration list for PBXProject "MapApp" */;
			compatibilityVersion = "Xcode 14.0";
			developmentRegion = en;
			hasScannedForEncodings = 0;
			knownRegions = (
				en,
				Base,
			);
			mainGroup = 2CD50F722AAB0C87009751F1;
			productRefGroup = 2CD50F7C2AAB0C87009751F1 /* Products */;
			projectDirPath = "";
			projectRoot = "";
			targets = (
				2CD50F7A2AAB0C87009751F1 /* MapApp */,
			);
		};
/* End PBXProject section */

/* Begin PBXResourcesBuildPhase section */
		2CD50F792AAB0C87009751F1 /* Resources */ = {
			isa = PBXResourcesBuildPhase;
			buildActionMask = 2147483647;
			files = (
				2CD50F8D2AAB115D009751F1 /* Assets.xcassets in Resources */,
				2CD50F862AAB0C89009751F1 /* Preview Assets.xcassets in Resources */,
			);
			runOnlyForDeploymentPostprocessing = 0;
		};
/* End PBXResourcesBuildPhase section */

/* Begin PBXSourcesBuildPhase section */
		2CD50F772AAB0C87009751F1 /* Sources */ = {
			isa = PBXSourcesBuildPhase;
			buildActionMask = 2147483647;
			files = (
				2CD50F932AAB395D009751F1 /* LocationsDataService.swift in Sources */,
				2CD50F992AAB411F009751F1 /* LocationsViewModel.swift in Sources */,
				2CBE8DDE2AAC3C60009C8A76 /* LocationDetailView.swift in Sources */,
				2CD50F962AAB3E68009751F1 /* LocationsView.swift in Sources */,
				2CD50F9D2AAB6221009751F1 /* LocationsListView.swift in Sources */,
				2CBE8DDA2AAC22A6009C8A76 /* LocationPreviewView.swift in Sources */,
				2CD50F902AAB18A4009751F1 /* Location.swift in Sources */,
				2CD50F7F2AAB0C87009751F1 /* MapAppApp.swift in Sources */,
				2CBE8DDC2AAC3476009C8A76 /* LocationMapAnnotationView.swift in Sources */,
			);
			runOnlyForDeploymentPostprocessing = 0;
		};
/* End PBXSourcesBuildPhase section */

/* Begin XCBuildConfiguration section */
		2CD50F872AAB0C89009751F1 /* Debug */ = {
			isa = XCBuildConfiguration;
			buildSettings = {
				ALWAYS_SEARCH_USER_PATHS = NO;
				CLANG_ANALYZER_NONNULL = YES;
				CLANG_ANALYZER_NUMBER_OBJECT_CONVERSION = YES_AGGRESSIVE;
				CLANG_CXX_LANGUAGE_STANDARD = "gnu++20";
				CLANG_ENABLE_MODULES = YES;
				CLANG_ENABLE_OBJC_ARC = YES;
				CLANG_ENABLE_OBJC_WEAK = YES;
				CLANG_WARN_BLOCK_CAPTURE_AUTORELEASING = YES;
				CLANG_WARN_BOOL_CONVERSION = YES;
				CLANG_WARN_COMMA = YES;
				CLANG_WARN_CONSTANT_CONVERSION = YES;
				CLANG_WARN_DEPRECATED_OBJC_IMPLEMENTATIONS = YES;
				CLANG_WARN_DIRECT_OBJC_ISA_USAGE = YES_ERROR;
				CLANG_WARN_DOCUMENTATION_COMMENTS = YES;
				CLANG_WARN_EMPTY_BODY = YES;
				CLANG_WARN_ENUM_CONVERSION = YES;
				CLANG_WARN_INFINITE_RECURSION = YES;
				CLANG_WARN_INT_CONVERSION = YES;
				CLANG_WARN_NON_LITERAL_NULL_CONVERSION = YES;
				CLANG_WARN_OBJC_IMPLICIT_RETAIN_SELF = YES;
				CLANG_WARN_OBJC_LITERAL_CONVERSION = YES;
				CLANG_WARN_OBJC_ROOT_CLASS = YES_ERROR;
				CLANG_WARN_QUOTED_INCLUDE_IN_FRAMEWORK_HEADER = YES;
				CLANG_WARN_RANGE_LOOP_ANALYSIS = YES;
				CLANG_WARN_STRICT_PROTOTYPES = YES;
				CLANG_WARN_SUSPICIOUS_MOVE = YES;
				CLANG_WARN_UNGUARDED_AVAILABILITY = YES_AGGRESSIVE;
				CLANG_WARN_UNREACHABLE_CODE = YES;
				CLANG_WARN__DUPLICATE_METHOD_MATCH = YES;
				COPY_PHASE_STRIP = NO;
				DEBUG_INFORMATION_FORMAT = dwarf;
				ENABLE_STRICT_OBJC_MSGSEND = YES;
				ENABLE_TESTABILITY = YES;
				GCC_C_LANGUAGE_STANDARD = gnu11;
				GCC_DYNAMIC_NO_PIC = NO;
				GCC_NO_COMMON_BLOCKS = YES;
				GCC_OPTIMIZATION_LEVEL = 0;
				GCC_PREPROCESSOR_DEFINITIONS = (
					"DEBUG=1",
					"$(inherited)",
				);
				GCC_WARN_64_TO_32_BIT_CONVERSION = YES;
				GCC_WARN_ABOUT_RETURN_TYPE = YES_ERROR;
				GCC_WARN_UNDECLARED_SELECTOR = YES;
				GCC_WARN_UNINITIALIZED_AUTOS = YES_AGGRESSIVE;
				GCC_WARN_UNUSED_FUNCTION = YES;
				GCC_WARN_UNUSED_VARIABLE = YES;
				IPHONEOS_DEPLOYMENT_TARGET = 16.4;
				MTL_ENABLE_DEBUG_INFO = INCLUDE_SOURCE;
				MTL_FAST_MATH = YES;
				ONLY_ACTIVE_ARCH = YES;
				SDKROOT = iphoneos;
				SWIFT_ACTIVE_COMPILATION_CONDITIONS = DEBUG;
				SWIFT_OPTIMIZATION_LEVEL = "-Onone";
			};
			name = Debug;
		};
		2CD50F882AAB0C89009751F1 /* Release */ = {
			isa = XCBuildConfiguration;
			buildSettings = {
				ALWAYS_SEARCH_USER_PATHS = NO;
				CLANG_ANALYZER_NONNULL = YES;
				CLANG_ANALYZER_NUMBER_OBJECT_CONVERSION = YES_AGGRESSIVE;
				CLANG_CXX_LANGUAGE_STANDARD = "gnu++20";
				CLANG_ENABLE_MODULES = YES;
				CLANG_ENABLE_OBJC_ARC = YES;
				CLANG_ENABLE_OBJC_WEAK = YES;
				CLANG_WARN_BLOCK_CAPTURE_AUTORELEASING = YES;
				CLANG_WARN_BOOL_CONVERSION = YES;
				CLANG_WARN_COMMA = YES;
				CLANG_WARN_CONSTANT_CONVERSION = YES;
				CLANG_WARN_DEPRECATED_OBJC_IMPLEMENTATIONS = YES;
				CLANG_WARN_DIRECT_OBJC_ISA_USAGE = YES_ERROR;
				CLANG_WARN_DOCUMENTATION_COMMENTS = YES;
				CLANG_WARN_EMPTY_BODY = YES;
				CLANG_WARN_ENUM_CONVERSION = YES;
				CLANG_WARN_INFINITE_RECURSION = YES;
				CLANG_WARN_INT_CONVERSION = YES;
				CLANG_WARN_NON_LITERAL_NULL_CONVERSION = YES;
				CLANG_WARN_OBJC_IMPLICIT_RETAIN_SELF = YES;
				CLANG_WARN_OBJC_LITERAL_CONVERSION = YES;
				CLANG_WARN_OBJC_ROOT_CLASS = YES_ERROR;
				CLANG_WARN_QUOTED_INCLUDE_IN_FRAMEWORK_HEADER = YES;
				CLANG_WARN_RANGE_LOOP_ANALYSIS = YES;
				CLANG_WARN_STRICT_PROTOTYPES = YES;
				CLANG_WARN_SUSPICIOUS_MOVE = YES;
				CLANG_WARN_UNGUARDED_AVAILABILITY = YES_AGGRESSIVE;
				CLANG_WARN_UNREACHABLE_CODE = YES;
				CLANG_WARN__DUPLICATE_METHOD_MATCH = YES;
				COPY_PHASE_STRIP = NO;
				DEBUG_INFORMATION_FORMAT = "dwarf-with-dsym";
				ENABLE_NS_ASSERTIONS = NO;
				ENABLE_STRICT_OBJC_MSGSEND = YES;
				GCC_C_LANGUAGE_STANDARD = gnu11;
				GCC_NO_COMMON_BLOCKS = YES;
				GCC_WARN_64_TO_32_BIT_CONVERSION = YES;
				GCC_WARN_ABOUT_RETURN_TYPE = YES_ERROR;
				GCC_WARN_UNDECLARED_SELECTOR = YES;
				GCC_WARN_UNINITIALIZED_AUTOS = YES_AGGRESSIVE;
				GCC_WARN_UNUSED_FUNCTION = YES;
				GCC_WARN_UNUSED_VARIABLE = YES;
				IPHONEOS_DEPLOYMENT_TARGET = 16.4;
				MTL_ENABLE_DEBUG_INFO = NO;
				MTL_FAST_MATH = YES;
				SDKROOT = iphoneos;
				SWIFT_COMPILATION_MODE = wholemodule;
				SWIFT_OPTIMIZATION_LEVEL = "-O";
				VALIDATE_PRODUCT = YES;
			};
			name = Release;
		};
		2CD50F8A2AAB0C89009751F1 /* Debug */ = {
			isa = XCBuildConfiguration;
			buildSettings = {
				ASSETCATALOG_COMPILER_APPICON_NAME = AppIcon;
				ASSETCATALOG_COMPILER_GLOBAL_ACCENT_COLOR_NAME = AccentColor;
				CODE_SIGN_STYLE = Automatic;
				CURRENT_PROJECT_VERSION = 1;
				DEVELOPMENT_ASSET_PATHS = "\"MapApp/Preview Content\"";
				DEVELOPMENT_TEAM = 3U7F2TKHLN;
				ENABLE_PREVIEWS = YES;
				GENERATE_INFOPLIST_FILE = YES;
				INFOPLIST_FILE = MapApp/Info.plist;
				INFOPLIST_KEY_CFBundleDisplayName = MyLocations;
				INFOPLIST_KEY_NSLocationAlwaysAndWhenInUseUsageDescription = "We want to help you find your nearest building";
				INFOPLIST_KEY_NSLocationAlwaysUsageDescription = "We want to help you find your nearest building";
				INFOPLIST_KEY_NSLocationWhenInUseUsageDescription = "We want to help you find your nearest building";
				INFOPLIST_KEY_UIApplicationSceneManifest_Generation = YES;
				INFOPLIST_KEY_UIApplicationSupportsIndirectInputEvents = YES;
				INFOPLIST_KEY_UIStatusBarStyle = "";
				INFOPLIST_KEY_UISupportedInterfaceOrientations = UIInterfaceOrientationPortrait;
				INFOPLIST_KEY_UISupportedInterfaceOrientations_iPad = "UIInterfaceOrientationLandscapeLeft UIInterfaceOrientationLandscapeRight UIInterfaceOrientationPortrait UIInterfaceOrientationPortraitUpsideDown";
				LD_RUNPATH_SEARCH_PATHS = (
					"$(inherited)",
					"@executable_path/Frameworks",
				);
				MARKETING_VERSION = 1.0;
				PRODUCT_BUNDLE_IDENTIFIER = vadim.martynenko.MapApp;
				PRODUCT_NAME = "$(TARGET_NAME)";
				SWIFT_EMIT_LOC_STRINGS = YES;
				SWIFT_VERSION = 5.0;
				TARGETED_DEVICE_FAMILY = "1,2";
			};
			name = Debug;
		};
		2CD50F8B2AAB0C89009751F1 /* Release */ = {
			isa = XCBuildConfiguration;
			buildSettings = {
				ASSETCATALOG_COMPILER_APPICON_NAME = AppIcon;
				ASSETCATALOG_COMPILER_GLOBAL_ACCENT_COLOR_NAME = AccentColor;
				CODE_SIGN_STYLE = Automatic;
				CURRENT_PROJECT_VERSION = 1;
				DEVELOPMENT_ASSET_PATHS = "\"MapApp/Preview Content\"";
				DEVELOPMENT_TEAM = 3U7F2TKHLN;
				ENABLE_PREVIEWS = YES;
				GENERATE_INFOPLIST_FILE = YES;
				INFOPLIST_FILE = MapApp/Info.plist;
				INFOPLIST_KEY_CFBundleDisplayName = MyLocations;
				INFOPLIST_KEY_NSLocationAlwaysAndWhenInUseUsageDescription = "We want to help you find your nearest building";
				INFOPLIST_KEY_NSLocationAlwaysUsageDescription = "We want to help you find your nearest building";
				INFOPLIST_KEY_NSLocationWhenInUseUsageDescription = "We want to help you find your nearest building";
				INFOPLIST_KEY_UIApplicationSceneManifest_Generation = YES;
				INFOPLIST_KEY_UIApplicationSupportsIndirectInputEvents = YES;
				INFOPLIST_KEY_UIStatusBarStyle = "";
				INFOPLIST_KEY_UISupportedInterfaceOrientations = UIInterfaceOrientationPortrait;
				INFOPLIST_KEY_UISupportedInterfaceOrientations_iPad = "UIInterfaceOrientationLandscapeLeft UIInterfaceOrientationLandscapeRight UIInterfaceOrientationPortrait UIInterfaceOrientationPortraitUpsideDown";
				LD_RUNPATH_SEARCH_PATHS = (
					"$(inherited)",
					"@executable_path/Frameworks",
				);
				MARKETING_VERSION = 1.0;
				PRODUCT_BUNDLE_IDENTIFIER = vadim.martynenko.MapApp;
				PRODUCT_NAME = "$(TARGET_NAME)";
				SWIFT_EMIT_LOC_STRINGS = YES;
				SWIFT_VERSION = 5.0;
				TARGETED_DEVICE_FAMILY = "1,2";
			};
			name = Release;
		};
/* End XCBuildConfiguration section */

/* Begin XCConfigurationList section */
		2CD50F762AAB0C87009751F1 /* Build configuration list for PBXProject "MapApp" */ = {
			isa = XCConfigurationList;
			buildConfigurations = (
				2CD50F872AAB0C89009751F1 /* Debug */,
				2CD50F882AAB0C89009751F1 /* Release */,
			);
			defaultConfigurationIsVisible = 0;
			defaultConfigurationName = Release;
		};
		2CD50F892AAB0C89009751F1 /* Build configuration list for PBXNativeTarget "MapApp" */ = {
			isa = XCConfigurationList;
			buildConfigurations = (
				2CD50F8A2AAB0C89009751F1 /* Debug */,
				2CD50F8B2AAB0C89009751F1 /* Release */,
			);
			defaultConfigurationIsVisible = 0;
			defaultConfigurationName = Release;
		};
/* End XCConfigurationList section */
	};
	rootObject = 2CD50F732AAB0C87009751F1 /* Project object */;
}
